{
  "object": {
    "pins": [
      {
        "package": "Swiftline",
        "repositoryURL": "https://github.com/bow-swift/Swiftline.git",
        "state": {
          "branch": null,
          "revision": "968a4f441c734ae63fbc9fb48e464f0a48f10086",
          "version": "0.5.2"
        }
      }
    ]
  },
  "version": 1
}
