// !$*UTF8*$!
{
	archiveVersion = 1;
	classes = {
	};
	objectVersion = 50;
	objects = {

/* Begin PBXBuildFile section */
		8B03C3422226A8C300EE4197 /* MarkupJekyllTests.swift in Sources */ = {isa = PBXBuildFile; fileRef = 8B03C33F2226A89E00EE4197 /* MarkupJekyllTests.swift */; };
		8B0CA51922AE669600181BC0 /* main.swift in Sources */ = {isa = PBXBuildFile; fileRef = 8B0CA51822AE669600181BC0 /* main.swift */; };
		8B0CA51F22AE66B700181BC0 /* libMarkup.a in Frameworks */ = {isa = PBXBuildFile; fileRef = 8B6FC63C221EFE61008F7694 /* libMarkup.a */; };
		8B0CA52122AE67C800181BC0 /* ConsoleOutput.swift in Sources */ = {isa = PBXBuildFile; fileRef = 8B0CA52022AE67C800181BC0 /* ConsoleOutput.swift */; };
		8B0CA52222AE682A00181BC0 /* ConsoleReader.swift in Sources */ = {isa = PBXBuildFile; fileRef = 8B424B30224E5F8D00AF9010 /* ConsoleReader.swift */; };
		8B0CA52322AE682A00181BC0 /* PlaygroundUtils.swift in Sources */ = {isa = PBXBuildFile; fileRef = 8B424BA02254AEC300AF9010 /* PlaygroundUtils.swift */; };
		8B0CA52522AEAA0400181BC0 /* URLQuery.swift in Sources */ = {isa = PBXBuildFile; fileRef = 8B0CA52422AEAA0400181BC0 /* URLQuery.swift */; };
		8B0CA52722AEAAB000181BC0 /* Array+Slice.swift in Sources */ = {isa = PBXBuildFile; fileRef = 8B0CA52622AEAAB000181BC0 /* Array+Slice.swift */; };
		8B0CA52822AEAABD00181BC0 /* Array+Slice.swift in Sources */ = {isa = PBXBuildFile; fileRef = 8B0CA52622AEAAB000181BC0 /* Array+Slice.swift */; };
		8B0CA52922AEAABE00181BC0 /* Array+Slice.swift in Sources */ = {isa = PBXBuildFile; fileRef = 8B0CA52622AEAAB000181BC0 /* Array+Slice.swift */; };
		8B0CA52B22AEAB5900181BC0 /* CarbonDownloader.swift in Sources */ = {isa = PBXBuildFile; fileRef = 8B0CA52A22AEAB5900181BC0 /* CarbonDownloader.swift */; };
		8B0CA52D22AEAB9500181BC0 /* NSImage+Store.swift in Sources */ = {isa = PBXBuildFile; fileRef = 8B0CA52C22AEAB9500181BC0 /* NSImage+Store.swift */; };
		8B0CA52E22AEAB9500181BC0 /* NSImage+Store.swift in Sources */ = {isa = PBXBuildFile; fileRef = 8B0CA52C22AEAB9500181BC0 /* NSImage+Store.swift */; };
		8B0CA52F22AEAB9500181BC0 /* NSImage+Store.swift in Sources */ = {isa = PBXBuildFile; fileRef = 8B0CA52C22AEAB9500181BC0 /* NSImage+Store.swift */; };
		8B424B26224E290800AF9010 /* libMarkup.a in Frameworks */ = {isa = PBXBuildFile; fileRef = 8B6FC63C221EFE61008F7694 /* libMarkup.a */; };
		8B424B28224E292200AF9010 /* main.swift in Sources */ = {isa = PBXBuildFile; fileRef = 8B424B27224E292200AF9010 /* main.swift */; };
		8B424B2C224E320600AF9010 /* MarkupUtils.swift in Sources */ = {isa = PBXBuildFile; fileRef = 8B424B2B224E320600AF9010 /* MarkupUtils.swift */; };
		8B424B2E224E361800AF9010 /* MarkupMarkdown.swift in Sources */ = {isa = PBXBuildFile; fileRef = 8B424B29224E2B2800AF9010 /* MarkupMarkdown.swift */; };
		8B424B31224E5F8D00AF9010 /* ConsoleReader.swift in Sources */ = {isa = PBXBuildFile; fileRef = 8B424B30224E5F8D00AF9010 /* ConsoleReader.swift */; };
		8B424B33224E602200AF9010 /* ConsoleOutput.swift in Sources */ = {isa = PBXBuildFile; fileRef = 8B424B32224E602200AF9010 /* ConsoleOutput.swift */; };
		8B424B912254AA3000AF9010 /* ConsoleOutput.swift in Sources */ = {isa = PBXBuildFile; fileRef = 8B424B902254AA3000AF9010 /* ConsoleOutput.swift */; };
		8B424BA12254AEC300AF9010 /* PlaygroundUtils.swift in Sources */ = {isa = PBXBuildFile; fileRef = 8B424BA02254AEC300AF9010 /* PlaygroundUtils.swift */; };
		8B424BA22254AEC300AF9010 /* PlaygroundUtils.swift in Sources */ = {isa = PBXBuildFile; fileRef = 8B424BA02254AEC300AF9010 /* PlaygroundUtils.swift */; };
		8B424BA42254B26300AF9010 /* ConsoleReader.swift in Sources */ = {isa = PBXBuildFile; fileRef = 8B424B30224E5F8D00AF9010 /* ConsoleReader.swift */; };
		8B424BB22254C3B500AF9010 /* MarkupMarkdownTests.swift in Sources */ = {isa = PBXBuildFile; fileRef = 8B424BB02254C3AE00AF9010 /* MarkupMarkdownTests.swift */; };
		8B66EB9A221F04A70001DCA2 /* MarkupRender.swift in Sources */ = {isa = PBXBuildFile; fileRef = 8B66EB92221F04A60001DCA2 /* MarkupRender.swift */; };
		8B66EB9B221F04A70001DCA2 /* MarkupJekyll.swift in Sources */ = {isa = PBXBuildFile; fileRef = 8B66EB93221F04A60001DCA2 /* MarkupJekyll.swift */; };
		8B66EB9C221F04A70001DCA2 /* MarkupSyntax.swift in Sources */ = {isa = PBXBuildFile; fileRef = 8B66EB95221F04A60001DCA2 /* MarkupSyntax.swift */; };
		8B66EB9D221F04A70001DCA2 /* MarkupNode.swift in Sources */ = {isa = PBXBuildFile; fileRef = 8B66EB96221F04A60001DCA2 /* MarkupNode.swift */; };
		8B66EB9E221F04A70001DCA2 /* MarkupLexical.swift in Sources */ = {isa = PBXBuildFile; fileRef = 8B66EB97221F04A60001DCA2 /* MarkupLexical.swift */; };
		8B66EB9F221F04A70001DCA2 /* Utils.swift in Sources */ = {isa = PBXBuildFile; fileRef = 8B66EB98221F04A60001DCA2 /* Utils.swift */; };
		8B66EBA0221F04CA0001DCA2 /* Markup-Bridging-Header.h in Headers */ = {isa = PBXBuildFile; fileRef = 8B66EB90221F04A60001DCA2 /* Markup-Bridging-Header.h */; settings = {ATTRIBUTES = (Public, ); }; };
		8B66EBB6221FFF4F0001DCA2 /* libMarkup.a in Frameworks */ = {isa = PBXBuildFile; fileRef = 8B6FC63C221EFE61008F7694 /* libMarkup.a */; };
		8B66EBBF221FFF760001DCA2 /* MarkupSyntaxTests.swift in Sources */ = {isa = PBXBuildFile; fileRef = 8B66EBBD221FFF760001DCA2 /* MarkupSyntaxTests.swift */; };
		8B6FC589221ECE6A008F7694 /* main.swift in Sources */ = {isa = PBXBuildFile; fileRef = 8B6FC588221ECE6A008F7694 /* main.swift */; };
		8B6FC657221EFF03008F7694 /* libMarkup.a in Frameworks */ = {isa = PBXBuildFile; fileRef = 8B6FC63C221EFE61008F7694 /* libMarkup.a */; };
/* End PBXBuildFile section */

/* Begin PBXContainerItemProxy section */
		8B66EBB7221FFF4F0001DCA2 /* PBXContainerItemProxy */ = {
			isa = PBXContainerItemProxy;
			containerPortal = 8B6FC57D221ECE6A008F7694 /* Project object */;
			proxyType = 1;
			remoteGlobalIDString = 8B6FC63B221EFE61008F7694;
			remoteInfo = Markup;
		};
/* End PBXContainerItemProxy section */

/* Begin PBXCopyFilesBuildPhase section */
		8B0CA51422AE669600181BC0 /* CopyFiles */ = {
			isa = PBXCopyFilesBuildPhase;
			buildActionMask = 2147483647;
			dstPath = /usr/share/man/man1/;
			dstSubfolderSpec = 0;
			files = (
			);
			runOnlyForDeploymentPostprocessing = 1;
		};
		8B424B1D224E28FC00AF9010 /* CopyFiles */ = {
			isa = PBXCopyFilesBuildPhase;
			buildActionMask = 2147483647;
			dstPath = /usr/share/man/man1/;
			dstSubfolderSpec = 0;
			files = (
			);
			runOnlyForDeploymentPostprocessing = 1;
		};
		8B6FC583221ECE6A008F7694 /* CopyFiles */ = {
			isa = PBXCopyFilesBuildPhase;
			buildActionMask = 8;
			dstPath = /usr/share/man/man1;
			dstSubfolderSpec = 0;
			files = (
			);
			runOnlyForDeploymentPostprocessing = 1;
		};
/* End PBXCopyFilesBuildPhase section */

/* Begin PBXFileReference section */
		8B03C33F2226A89E00EE4197 /* MarkupJekyllTests.swift */ = {isa = PBXFileReference; lastKnownFileType = sourcecode.swift; path = MarkupJekyllTests.swift; sourceTree = "<group>"; };
		8B0CA51622AE669600181BC0 /* Carbon */ = {isa = PBXFileReference; explicitFileType = "compiled.mach-o.executable"; includeInIndex = 0; path = Carbon; sourceTree = BUILT_PRODUCTS_DIR; };
		8B0CA51822AE669600181BC0 /* main.swift */ = {isa = PBXFileReference; lastKnownFileType = sourcecode.swift; path = main.swift; sourceTree = "<group>"; };
		8B0CA51D22AE66AE00181BC0 /* main.swift */ = {isa = PBXFileReference; fileEncoding = 4; lastKnownFileType = sourcecode.swift; path = main.swift; sourceTree = "<group>"; };
		8B0CA52022AE67C800181BC0 /* ConsoleOutput.swift */ = {isa = PBXFileReference; fileEncoding = 4; lastKnownFileType = sourcecode.swift; path = ConsoleOutput.swift; sourceTree = "<group>"; };
		8B0CA52422AEAA0400181BC0 /* URLQuery.swift */ = {isa = PBXFileReference; lastKnownFileType = sourcecode.swift; path = URLQuery.swift; sourceTree = "<group>"; };
		8B0CA52622AEAAB000181BC0 /* Array+Slice.swift */ = {isa = PBXFileReference; lastKnownFileType = sourcecode.swift; path = "Array+Slice.swift"; sourceTree = "<group>"; };
		8B0CA52A22AEAB5900181BC0 /* CarbonDownloader.swift */ = {isa = PBXFileReference; lastKnownFileType = sourcecode.swift; path = CarbonDownloader.swift; sourceTree = "<group>"; };
		8B0CA52C22AEAB9500181BC0 /* NSImage+Store.swift */ = {isa = PBXFileReference; lastKnownFileType = sourcecode.swift; path = "NSImage+Store.swift"; sourceTree = "<group>"; };
		8B424B1F224E28FC00AF9010 /* Markdown */ = {isa = PBXFileReference; explicitFileType = "compiled.mach-o.executable"; includeInIndex = 0; path = Markdown; sourceTree = BUILT_PRODUCTS_DIR; };
		8B424B27224E292200AF9010 /* main.swift */ = {isa = PBXFileReference; fileEncoding = 4; lastKnownFileType = sourcecode.swift; path = main.swift; sourceTree = "<group>"; };
		8B424B29224E2B2800AF9010 /* MarkupMarkdown.swift */ = {isa = PBXFileReference; lastKnownFileType = sourcecode.swift; path = MarkupMarkdown.swift; sourceTree = "<group>"; };
		8B424B2B224E320600AF9010 /* MarkupUtils.swift */ = {isa = PBXFileReference; lastKnownFileType = sourcecode.swift; path = MarkupUtils.swift; sourceTree = "<group>"; };
		8B424B30224E5F8D00AF9010 /* ConsoleReader.swift */ = {isa = PBXFileReference; lastKnownFileType = sourcecode.swift; path = ConsoleReader.swift; sourceTree = "<group>"; };
		8B424B32224E602200AF9010 /* ConsoleOutput.swift */ = {isa = PBXFileReference; lastKnownFileType = sourcecode.swift; path = ConsoleOutput.swift; sourceTree = "<group>"; };
		8B424B902254AA3000AF9010 /* ConsoleOutput.swift */ = {isa = PBXFileReference; lastKnownFileType = sourcecode.swift; path = ConsoleOutput.swift; sourceTree = "<group>"; };
		8B424BA02254AEC300AF9010 /* PlaygroundUtils.swift */ = {isa = PBXFileReference; lastKnownFileType = sourcecode.swift; path = PlaygroundUtils.swift; sourceTree = "<group>"; };
		8B424BB02254C3AE00AF9010 /* MarkupMarkdownTests.swift */ = {isa = PBXFileReference; lastKnownFileType = sourcecode.swift; path = MarkupMarkdownTests.swift; sourceTree = "<group>"; };
		8B66EB90221F04A60001DCA2 /* Markup-Bridging-Header.h */ = {isa = PBXFileReference; fileEncoding = 4; lastKnownFileType = sourcecode.c.h; path = "Markup-Bridging-Header.h"; sourceTree = "<group>"; };
		8B66EB92221F04A60001DCA2 /* MarkupRender.swift */ = {isa = PBXFileReference; fileEncoding = 4; lastKnownFileType = sourcecode.swift; path = MarkupRender.swift; sourceTree = "<group>"; };
		8B66EB93221F04A60001DCA2 /* MarkupJekyll.swift */ = {isa = PBXFileReference; fileEncoding = 4; lastKnownFileType = sourcecode.swift; path = MarkupJekyll.swift; sourceTree = "<group>"; };
		8B66EB95221F04A60001DCA2 /* MarkupSyntax.swift */ = {isa = PBXFileReference; fileEncoding = 4; lastKnownFileType = sourcecode.swift; path = MarkupSyntax.swift; sourceTree = "<group>"; };
		8B66EB96221F04A60001DCA2 /* MarkupNode.swift */ = {isa = PBXFileReference; fileEncoding = 4; lastKnownFileType = sourcecode.swift; path = MarkupNode.swift; sourceTree = "<group>"; };
		8B66EB97221F04A60001DCA2 /* MarkupLexical.swift */ = {isa = PBXFileReference; fileEncoding = 4; lastKnownFileType = sourcecode.swift; path = MarkupLexical.swift; sourceTree = "<group>"; };
		8B66EB98221F04A60001DCA2 /* Utils.swift */ = {isa = PBXFileReference; fileEncoding = 4; lastKnownFileType = sourcecode.swift; path = Utils.swift; sourceTree = "<group>"; };
		8B66EBB1221FFF4F0001DCA2 /* MarkupTests.xctest */ = {isa = PBXFileReference; explicitFileType = wrapper.cfbundle; includeInIndex = 0; path = MarkupTests.xctest; sourceTree = BUILT_PRODUCTS_DIR; };
		8B66EBBD221FFF760001DCA2 /* MarkupSyntaxTests.swift */ = {isa = PBXFileReference; fileEncoding = 4; lastKnownFileType = sourcecode.swift; path = MarkupSyntaxTests.swift; sourceTree = "<group>"; };
		8B66EBBE221FFF760001DCA2 /* Info.plist */ = {isa = PBXFileReference; fileEncoding = 4; lastKnownFileType = text.plist.xml; path = Info.plist; sourceTree = "<group>"; };
		8B6FC585221ECE6A008F7694 /* JekyllMarkdown */ = {isa = PBXFileReference; explicitFileType = "compiled.mach-o.executable"; includeInIndex = 0; path = JekyllMarkdown; sourceTree = BUILT_PRODUCTS_DIR; };
		8B6FC588221ECE6A008F7694 /* main.swift */ = {isa = PBXFileReference; lastKnownFileType = sourcecode.swift; path = main.swift; sourceTree = "<group>"; };
		8B6FC63C221EFE61008F7694 /* libMarkup.a */ = {isa = PBXFileReference; explicitFileType = archive.ar; includeInIndex = 0; path = libMarkup.a; sourceTree = BUILT_PRODUCTS_DIR; };
/* End PBXFileReference section */

/* Begin PBXFrameworksBuildPhase section */
		8B0CA51322AE669600181BC0 /* Frameworks */ = {
			isa = PBXFrameworksBuildPhase;
			buildActionMask = 2147483647;
			files = (
				8B0CA51F22AE66B700181BC0 /* libMarkup.a in Frameworks */,
			);
			runOnlyForDeploymentPostprocessing = 0;
		};
		8B424B1C224E28FC00AF9010 /* Frameworks */ = {
			isa = PBXFrameworksBuildPhase;
			buildActionMask = 2147483647;
			files = (
				8B424B26224E290800AF9010 /* libMarkup.a in Frameworks */,
			);
			runOnlyForDeploymentPostprocessing = 0;
		};
		8B66EBAE221FFF4F0001DCA2 /* Frameworks */ = {
			isa = PBXFrameworksBuildPhase;
			buildActionMask = 2147483647;
			files = (
				8B66EBB6221FFF4F0001DCA2 /* libMarkup.a in Frameworks */,
			);
			runOnlyForDeploymentPostprocessing = 0;
		};
		8B6FC582221ECE6A008F7694 /* Frameworks */ = {
			isa = PBXFrameworksBuildPhase;
			buildActionMask = 2147483647;
			files = (
				8B6FC657221EFF03008F7694 /* libMarkup.a in Frameworks */,
			);
			runOnlyForDeploymentPostprocessing = 0;
		};
		8B6FC63A221EFE61008F7694 /* Frameworks */ = {
			isa = PBXFrameworksBuildPhase;
			buildActionMask = 2147483647;
			files = (
			);
			runOnlyForDeploymentPostprocessing = 0;
		};
/* End PBXFrameworksBuildPhase section */

/* Begin PBXGroup section */
		8B0CA51122AE657C00181BC0 /* Carbon */ = {
			isa = PBXGroup;
			children = (
				8B0CA51D22AE66AE00181BC0 /* main.swift */,
				8B0CA52022AE67C800181BC0 /* ConsoleOutput.swift */,
				8B0CA52A22AEAB5900181BC0 /* CarbonDownloader.swift */,
				8B0CA52422AEAA0400181BC0 /* URLQuery.swift */,
			);
			path = Carbon;
			sourceTree = "<group>";
		};
		8B0CA51722AE669600181BC0 /* Carbon */ = {
			isa = PBXGroup;
			children = (
				8B0CA51822AE669600181BC0 /* main.swift */,
			);
			path = Carbon;
			sourceTree = "<group>";
		};
		8B424B20224E28FC00AF9010 /* Markdown */ = {
			isa = PBXGroup;
			children = (
				8B424B27224E292200AF9010 /* main.swift */,
				8B424B32224E602200AF9010 /* ConsoleOutput.swift */,
			);
			path = Markdown;
			sourceTree = "<group>";
		};
		8B424B2F224E5F5F00AF9010 /* Common */ = {
			isa = PBXGroup;
			children = (
				8B424B30224E5F8D00AF9010 /* ConsoleReader.swift */,
				8B424BA02254AEC300AF9010 /* PlaygroundUtils.swift */,
				8B0CA52622AEAAB000181BC0 /* Array+Slice.swift */,
				8B0CA52C22AEAB9500181BC0 /* NSImage+Store.swift */,
			);
			path = Common;
			sourceTree = "<group>";
		};
		8B66EB8F221F04A60001DCA2 /* Markup */ = {
			isa = PBXGroup;
			children = (
				8B66EB90221F04A60001DCA2 /* Markup-Bridging-Header.h */,
				8B66EB98221F04A60001DCA2 /* Utils.swift */,
				8B66EB94221F04A60001DCA2 /* Parser */,
				8B66EB91221F04A60001DCA2 /* Render */,
			);
			name = Markup;
			path = ../lib/Markup;
			sourceTree = "<group>";
		};
		8B66EB91221F04A60001DCA2 /* Render */ = {
			isa = PBXGroup;
			children = (
				8B66EB92221F04A60001DCA2 /* MarkupRender.swift */,
				8B424B29224E2B2800AF9010 /* MarkupMarkdown.swift */,
				8B66EB93221F04A60001DCA2 /* MarkupJekyll.swift */,
				8B424B2B224E320600AF9010 /* MarkupUtils.swift */,
			);
			path = Render;
			sourceTree = "<group>";
		};
		8B66EB94221F04A60001DCA2 /* Parser */ = {
			isa = PBXGroup;
			children = (
				8B66EB96221F04A60001DCA2 /* MarkupNode.swift */,
				8B66EB97221F04A60001DCA2 /* MarkupLexical.swift */,
				8B66EB95221F04A60001DCA2 /* MarkupSyntax.swift */,
			);
			path = Parser;
			sourceTree = "<group>";
		};
		8B66EBBC221FFF760001DCA2 /* MarkupTests */ = {
			isa = PBXGroup;
			children = (
				8B03C33F2226A89E00EE4197 /* MarkupJekyllTests.swift */,
				8B424BB02254C3AE00AF9010 /* MarkupMarkdownTests.swift */,
				8B66EBBD221FFF760001DCA2 /* MarkupSyntaxTests.swift */,
				8B66EBBE221FFF760001DCA2 /* Info.plist */,
			);
			name = MarkupTests;
			path = ../lib/MarkupTests;
			sourceTree = "<group>";
		};
		8B6FC57C221ECE6A008F7694 = {
			isa = PBXGroup;
			children = (
				8B424B20224E28FC00AF9010 /* Markdown */,
				8B6FC587221ECE6A008F7694 /* JekyllMarkdown */,
				8B0CA51122AE657C00181BC0 /* Carbon */,
				8B424B2F224E5F5F00AF9010 /* Common */,
				8B66EB8F221F04A60001DCA2 /* Markup */,
				8B66EBBC221FFF760001DCA2 /* MarkupTests */,
				8B0CA51722AE669600181BC0 /* Carbon */,
				8B6FC656221EFF03008F7694 /* Frameworks */,
				8B6FC586221ECE6A008F7694 /* Products */,
			);
			sourceTree = "<group>";
		};
		8B6FC586221ECE6A008F7694 /* Products */ = {
			isa = PBXGroup;
			children = (
				8B6FC585221ECE6A008F7694 /* JekyllMarkdown */,
				8B6FC63C221EFE61008F7694 /* libMarkup.a */,
				8B66EBB1221FFF4F0001DCA2 /* MarkupTests.xctest */,
				8B424B1F224E28FC00AF9010 /* Markdown */,
				8B0CA51622AE669600181BC0 /* Carbon */,
			);
			name = Products;
			sourceTree = "<group>";
		};
		8B6FC587221ECE6A008F7694 /* JekyllMarkdown */ = {
			isa = PBXGroup;
			children = (
				8B6FC588221ECE6A008F7694 /* main.swift */,
				8B424B902254AA3000AF9010 /* ConsoleOutput.swift */,
			);
			path = JekyllMarkdown;
			sourceTree = "<group>";
		};
		8B6FC656221EFF03008F7694 /* Frameworks */ = {
			isa = PBXGroup;
			children = (
			);
			name = Frameworks;
			sourceTree = "<group>";
		};
/* End PBXGroup section */

/* Begin PBXHeadersBuildPhase section */
		8B6FC638221EFE61008F7694 /* Headers */ = {
			isa = PBXHeadersBuildPhase;
			buildActionMask = 2147483647;
			files = (
				8B66EBA0221F04CA0001DCA2 /* Markup-Bridging-Header.h in Headers */,
			);
			runOnlyForDeploymentPostprocessing = 0;
		};
/* End PBXHeadersBuildPhase section */

/* Begin PBXNativeTarget section */
		8B0CA51522AE669600181BC0 /* Carbon */ = {
			isa = PBXNativeTarget;
			buildConfigurationList = 8B0CA51A22AE669600181BC0 /* Build configuration list for PBXNativeTarget "Carbon" */;
			buildPhases = (
				8B0CA51222AE669600181BC0 /* Sources */,
				8B0CA51322AE669600181BC0 /* Frameworks */,
				8B0CA51422AE669600181BC0 /* CopyFiles */,
			);
			buildRules = (
			);
			dependencies = (
			);
			name = Carbon;
			productName = Carbon;
			productReference = 8B0CA51622AE669600181BC0 /* Carbon */;
			productType = "com.apple.product-type.tool";
		};
		8B424B1E224E28FC00AF9010 /* Markdown */ = {
			isa = PBXNativeTarget;
			buildConfigurationList = 8B424B23224E28FC00AF9010 /* Build configuration list for PBXNativeTarget "Markdown" */;
			buildPhases = (
				8B424B1B224E28FC00AF9010 /* Sources */,
				8B424B1C224E28FC00AF9010 /* Frameworks */,
				8B424B1D224E28FC00AF9010 /* CopyFiles */,
			);
			buildRules = (
			);
			dependencies = (
			);
			name = Markdown;
			productName = Markdown;
			productReference = 8B424B1F224E28FC00AF9010 /* Markdown */;
			productType = "com.apple.product-type.tool";
		};
		8B66EBB0221FFF4F0001DCA2 /* MarkupTests */ = {
			isa = PBXNativeTarget;
			buildConfigurationList = 8B66EBB9221FFF4F0001DCA2 /* Build configuration list for PBXNativeTarget "MarkupTests" */;
			buildPhases = (
				8B66EBAD221FFF4F0001DCA2 /* Sources */,
				8B66EBAE221FFF4F0001DCA2 /* Frameworks */,
				8B66EBAF221FFF4F0001DCA2 /* Resources */,
			);
			buildRules = (
			);
			dependencies = (
				8B66EBB8221FFF4F0001DCA2 /* PBXTargetDependency */,
			);
			name = MarkupTests;
			productName = MarkupTests;
			productReference = 8B66EBB1221FFF4F0001DCA2 /* MarkupTests.xctest */;
			productType = "com.apple.product-type.bundle.unit-test";
		};
		8B6FC584221ECE6A008F7694 /* JekyllMarkdown */ = {
			isa = PBXNativeTarget;
			buildConfigurationList = 8B6FC58C221ECE6A008F7694 /* Build configuration list for PBXNativeTarget "JekyllMarkdown" */;
			buildPhases = (
				8B6FC581221ECE6A008F7694 /* Sources */,
				8B6FC582221ECE6A008F7694 /* Frameworks */,
				8B6FC583221ECE6A008F7694 /* CopyFiles */,
			);
			buildRules = (
			);
			dependencies = (
			);
			name = JekyllMarkdown;
			productName = JekyllMarkdown;
			productReference = 8B6FC585221ECE6A008F7694 /* JekyllMarkdown */;
			productType = "com.apple.product-type.tool";
		};
		8B6FC63B221EFE61008F7694 /* Markup */ = {
			isa = PBXNativeTarget;
			buildConfigurationList = 8B6FC642221EFE61008F7694 /* Build configuration list for PBXNativeTarget "Markup" */;
			buildPhases = (
				8B6FC638221EFE61008F7694 /* Headers */,
				8B6FC639221EFE61008F7694 /* Sources */,
				8B6FC63A221EFE61008F7694 /* Frameworks */,
			);
			buildRules = (
			);
			dependencies = (
			);
			name = Markup;
			productName = Markup;
			productReference = 8B6FC63C221EFE61008F7694 /* libMarkup.a */;
			productType = "com.apple.product-type.library.static";
		};
/* End PBXNativeTarget section */

/* Begin PBXProject section */
		8B6FC57D221ECE6A008F7694 /* Project object */ = {
			isa = PBXProject;
			attributes = {
				LastSwiftUpdateCheck = 1020;
				LastUpgradeCheck = 1010;
				ORGANIZATIONNAME = "47 Degrees";
				TargetAttributes = {
					8B0CA51522AE669600181BC0 = {
						CreatedOnToolsVersion = 10.2.1;
					};
					8B424B1E224E28FC00AF9010 = {
						CreatedOnToolsVersion = 10.1;
						LastSwiftMigration = 1020;
					};
					8B66EBB0221FFF4F0001DCA2 = {
						CreatedOnToolsVersion = 10.1;
					};
					8B6FC584221ECE6A008F7694 = {
						CreatedOnToolsVersion = 10.1;
					};
					8B6FC63B221EFE61008F7694 = {
						CreatedOnToolsVersion = 10.1;
						LastSwiftMigration = 1020;
					};
				};
			};
			buildConfigurationList = 8B6FC580221ECE6A008F7694 /* Build configuration list for PBXProject "Markdown" */;
			compatibilityVersion = "Xcode 9.3";
			developmentRegion = en;
			hasScannedForEncodings = 0;
			knownRegions = (
				en,
				Base,
			);
			mainGroup = 8B6FC57C221ECE6A008F7694;
			productRefGroup = 8B6FC586221ECE6A008F7694 /* Products */;
			projectDirPath = "";
			projectRoot = "";
			targets = (
				8B424B1E224E28FC00AF9010 /* Markdown */,
				8B6FC584221ECE6A008F7694 /* JekyllMarkdown */,
				8B0CA51522AE669600181BC0 /* Carbon */,
				8B6FC63B221EFE61008F7694 /* Markup */,
				8B66EBB0221FFF4F0001DCA2 /* MarkupTests */,
			);
		};
/* End PBXProject section */

/* Begin PBXResourcesBuildPhase section */
		8B66EBAF221FFF4F0001DCA2 /* Resources */ = {
			isa = PBXResourcesBuildPhase;
			buildActionMask = 2147483647;
			files = (
			);
			runOnlyForDeploymentPostprocessing = 0;
		};
/* End PBXResourcesBuildPhase section */

/* Begin PBXSourcesBuildPhase section */
		8B0CA51222AE669600181BC0 /* Sources */ = {
			isa = PBXSourcesBuildPhase;
			buildActionMask = 2147483647;
			files = (
				8B0CA52722AEAAB000181BC0 /* Array+Slice.swift in Sources */,
				8B0CA52222AE682A00181BC0 /* ConsoleReader.swift in Sources */,
				8B0CA52F22AEAB9500181BC0 /* NSImage+Store.swift in Sources */,
				8B0CA52122AE67C800181BC0 /* ConsoleOutput.swift in Sources */,
				8B0CA52322AE682A00181BC0 /* PlaygroundUtils.swift in Sources */,
				8B0CA52B22AEAB5900181BC0 /* CarbonDownloader.swift in Sources */,
				8B0CA51922AE669600181BC0 /* main.swift in Sources */,
				8B0CA52522AEAA0400181BC0 /* URLQuery.swift in Sources */,
			);
			runOnlyForDeploymentPostprocessing = 0;
		};
		8B424B1B224E28FC00AF9010 /* Sources */ = {
			isa = PBXSourcesBuildPhase;
			buildActionMask = 2147483647;
			files = (
				8B0CA52922AEAABE00181BC0 /* Array+Slice.swift in Sources */,
				8B424B28224E292200AF9010 /* main.swift in Sources */,
				8B424B33224E602200AF9010 /* ConsoleOutput.swift in Sources */,
				8B424BA22254AEC300AF9010 /* PlaygroundUtils.swift in Sources */,
				8B0CA52D22AEAB9500181BC0 /* NSImage+Store.swift in Sources */,
				8B424B31224E5F8D00AF9010 /* ConsoleReader.swift in Sources */,
			);
			runOnlyForDeploymentPostprocessing = 0;
		};
		8B66EBAD221FFF4F0001DCA2 /* Sources */ = {
			isa = PBXSourcesBuildPhase;
			buildActionMask = 2147483647;
			files = (
				8B03C3422226A8C300EE4197 /* MarkupJekyllTests.swift in Sources */,
				8B66EBBF221FFF760001DCA2 /* MarkupSyntaxTests.swift in Sources */,
				8B424BB22254C3B500AF9010 /* MarkupMarkdownTests.swift in Sources */,
			);
			runOnlyForDeploymentPostprocessing = 0;
		};
		8B6FC581221ECE6A008F7694 /* Sources */ = {
			isa = PBXSourcesBuildPhase;
			buildActionMask = 2147483647;
			files = (
				8B0CA52822AEAABD00181BC0 /* Array+Slice.swift in Sources */,
				8B424BA42254B26300AF9010 /* ConsoleReader.swift in Sources */,
				8B424BA12254AEC300AF9010 /* PlaygroundUtils.swift in Sources */,
				8B424B912254AA3000AF9010 /* ConsoleOutput.swift in Sources */,
				8B0CA52E22AEAB9500181BC0 /* NSImage+Store.swift in Sources */,
				8B6FC589221ECE6A008F7694 /* main.swift in Sources */,
			);
			runOnlyForDeploymentPostprocessing = 0;
		};
		8B6FC639221EFE61008F7694 /* Sources */ = {
			isa = PBXSourcesBuildPhase;
			buildActionMask = 2147483647;
			files = (
				8B66EB9C221F04A70001DCA2 /* MarkupSyntax.swift in Sources */,
				8B424B2C224E320600AF9010 /* MarkupUtils.swift in Sources */,
				8B424B2E224E361800AF9010 /* MarkupMarkdown.swift in Sources */,
				8B66EB9E221F04A70001DCA2 /* MarkupLexical.swift in Sources */,
				8B66EB9D221F04A70001DCA2 /* MarkupNode.swift in Sources */,
				8B66EB9A221F04A70001DCA2 /* MarkupRender.swift in Sources */,
				8B66EB9B221F04A70001DCA2 /* MarkupJekyll.swift in Sources */,
				8B66EB9F221F04A70001DCA2 /* Utils.swift in Sources */,
			);
			runOnlyForDeploymentPostprocessing = 0;
		};
/* End PBXSourcesBuildPhase section */

/* Begin PBXTargetDependency section */
		8B66EBB8221FFF4F0001DCA2 /* PBXTargetDependency */ = {
			isa = PBXTargetDependency;
			target = 8B6FC63B221EFE61008F7694 /* Markup */;
			targetProxy = 8B66EBB7221FFF4F0001DCA2 /* PBXContainerItemProxy */;
		};
/* End PBXTargetDependency section */

/* Begin XCBuildConfiguration section */
		8B0CA51B22AE669600181BC0 /* Debug */ = {
			isa = XCBuildConfiguration;
			buildSettings = {
				CODE_SIGN_STYLE = Automatic;
				PRODUCT_NAME = "$(TARGET_NAME)";
				SWIFT_VERSION = 5.0;
			};
			name = Debug;
		};
		8B0CA51C22AE669600181BC0 /* Release */ = {
			isa = XCBuildConfiguration;
			buildSettings = {
				CODE_SIGN_STYLE = Automatic;
				PRODUCT_NAME = "$(TARGET_NAME)";
				SWIFT_VERSION = 5.0;
			};
			name = Release;
		};
		8B424B24224E28FC00AF9010 /* Debug */ = {
			isa = XCBuildConfiguration;
			buildSettings = {
				CODE_SIGN_STYLE = Automatic;
				PRODUCT_NAME = "$(TARGET_NAME)";
				SWIFT_VERSION = 5.0;
			};
			name = Debug;
		};
		8B424B25224E28FC00AF9010 /* Release */ = {
			isa = XCBuildConfiguration;
			buildSettings = {
				CODE_SIGN_STYLE = Automatic;
				PRODUCT_NAME = "$(TARGET_NAME)";
				SWIFT_VERSION = 5.0;
			};
			name = Release;
		};
		8B66EBBA221FFF4F0001DCA2 /* Debug */ = {
			isa = XCBuildConfiguration;
			buildSettings = {
				CODE_SIGN_STYLE = Automatic;
				COMBINE_HIDPI_IMAGES = YES;
				GCC_OPTIMIZATION_LEVEL = 0;
				INFOPLIST_FILE = "$(SRCROOT)/../lib/MarkupTests/Info.plist";
				LD_RUNPATH_SEARCH_PATHS = (
					"$(inherited)",
					"@executable_path/../Frameworks",
					"@loader_path/../Frameworks",
				);
				PRODUCT_BUNDLE_IDENTIFIER = bow.nef.MarkupTests;
				PRODUCT_NAME = "$(TARGET_NAME)";
				SWIFT_OPTIMIZATION_LEVEL = "-Onone";
				SWIFT_VERSION = 5.0;
			};
			name = Debug;
		};
		8B66EBBB221FFF4F0001DCA2 /* Release */ = {
			isa = XCBuildConfiguration;
			buildSettings = {
				CODE_SIGN_STYLE = Automatic;
				COMBINE_HIDPI_IMAGES = YES;
				GCC_OPTIMIZATION_LEVEL = 0;
				INFOPLIST_FILE = "$(SRCROOT)/../lib/MarkupTests/Info.plist";
				LD_RUNPATH_SEARCH_PATHS = (
					"$(inherited)",
					"@executable_path/../Frameworks",
					"@loader_path/../Frameworks",
				);
				PRODUCT_BUNDLE_IDENTIFIER = bow.nef.MarkupTests;
				PRODUCT_NAME = "$(TARGET_NAME)";
				SWIFT_OPTIMIZATION_LEVEL = "-Onone";
				SWIFT_VERSION = 5.0;
			};
			name = Release;
		};
		8B6FC58A221ECE6A008F7694 /* Debug */ = {
			isa = XCBuildConfiguration;
			buildSettings = {
				ALWAYS_SEARCH_USER_PATHS = NO;
				CLANG_ANALYZER_NONNULL = YES;
				CLANG_ANALYZER_NUMBER_OBJECT_CONVERSION = YES_AGGRESSIVE;
				CLANG_CXX_LANGUAGE_STANDARD = "gnu++14";
				CLANG_CXX_LIBRARY = "libc++";
				CLANG_ENABLE_MODULES = YES;
				CLANG_ENABLE_OBJC_ARC = YES;
				CLANG_ENABLE_OBJC_WEAK = YES;
				CLANG_WARN_BLOCK_CAPTURE_AUTORELEASING = YES;
				CLANG_WARN_BOOL_CONVERSION = YES;
				CLANG_WARN_COMMA = YES;
				CLANG_WARN_CONSTANT_CONVERSION = YES;
				CLANG_WARN_DEPRECATED_OBJC_IMPLEMENTATIONS = YES;
				CLANG_WARN_DIRECT_OBJC_ISA_USAGE = YES_ERROR;
				CLANG_WARN_DOCUMENTATION_COMMENTS = YES;
				CLANG_WARN_EMPTY_BODY = YES;
				CLANG_WARN_ENUM_CONVERSION = YES;
				CLANG_WARN_INFINITE_RECURSION = YES;
				CLANG_WARN_INT_CONVERSION = YES;
				CLANG_WARN_NON_LITERAL_NULL_CONVERSION = YES;
				CLANG_WARN_OBJC_IMPLICIT_RETAIN_SELF = YES;
				CLANG_WARN_OBJC_LITERAL_CONVERSION = YES;
				CLANG_WARN_OBJC_ROOT_CLASS = YES_ERROR;
				CLANG_WARN_RANGE_LOOP_ANALYSIS = YES;
				CLANG_WARN_STRICT_PROTOTYPES = YES;
				CLANG_WARN_SUSPICIOUS_MOVE = YES;
				CLANG_WARN_UNGUARDED_AVAILABILITY = YES_AGGRESSIVE;
				CLANG_WARN_UNREACHABLE_CODE = YES;
				CLANG_WARN__DUPLICATE_METHOD_MATCH = YES;
				CODE_SIGN_IDENTITY = "-";
				COPY_PHASE_STRIP = NO;
				DEBUG_INFORMATION_FORMAT = dwarf;
				ENABLE_STRICT_OBJC_MSGSEND = YES;
				ENABLE_TESTABILITY = YES;
				GCC_C_LANGUAGE_STANDARD = gnu11;
				GCC_DYNAMIC_NO_PIC = NO;
				GCC_NO_COMMON_BLOCKS = YES;
				GCC_OPTIMIZATION_LEVEL = 0;
				GCC_PREPROCESSOR_DEFINITIONS = (
					"DEBUG=1",
					"$(inherited)",
				);
				GCC_WARN_64_TO_32_BIT_CONVERSION = YES;
				GCC_WARN_ABOUT_RETURN_TYPE = YES_ERROR;
				GCC_WARN_UNDECLARED_SELECTOR = YES;
				GCC_WARN_UNINITIALIZED_AUTOS = YES_AGGRESSIVE;
				GCC_WARN_UNUSED_FUNCTION = YES;
				GCC_WARN_UNUSED_VARIABLE = YES;
				MACOSX_DEPLOYMENT_TARGET = 10.14;
				MTL_ENABLE_DEBUG_INFO = INCLUDE_SOURCE;
				MTL_FAST_MATH = YES;
				ONLY_ACTIVE_ARCH = YES;
				SDKROOT = macosx;
				SWIFT_ACTIVE_COMPILATION_CONDITIONS = DEBUG;
				SWIFT_OPTIMIZATION_LEVEL = "-Onone";
				SWIFT_VERSION = 5.0;
			};
			name = Debug;
		};
		8B6FC58B221ECE6A008F7694 /* Release */ = {
			isa = XCBuildConfiguration;
			buildSettings = {
				ALWAYS_SEARCH_USER_PATHS = NO;
				CLANG_ANALYZER_NONNULL = YES;
				CLANG_ANALYZER_NUMBER_OBJECT_CONVERSION = YES_AGGRESSIVE;
				CLANG_CXX_LANGUAGE_STANDARD = "gnu++14";
				CLANG_CXX_LIBRARY = "libc++";
				CLANG_ENABLE_MODULES = YES;
				CLANG_ENABLE_OBJC_ARC = YES;
				CLANG_ENABLE_OBJC_WEAK = YES;
				CLANG_WARN_BLOCK_CAPTURE_AUTORELEASING = YES;
				CLANG_WARN_BOOL_CONVERSION = YES;
				CLANG_WARN_COMMA = YES;
				CLANG_WARN_CONSTANT_CONVERSION = YES;
				CLANG_WARN_DEPRECATED_OBJC_IMPLEMENTATIONS = YES;
				CLANG_WARN_DIRECT_OBJC_ISA_USAGE = YES_ERROR;
				CLANG_WARN_DOCUMENTATION_COMMENTS = YES;
				CLANG_WARN_EMPTY_BODY = YES;
				CLANG_WARN_ENUM_CONVERSION = YES;
				CLANG_WARN_INFINITE_RECURSION = YES;
				CLANG_WARN_INT_CONVERSION = YES;
				CLANG_WARN_NON_LITERAL_NULL_CONVERSION = YES;
				CLANG_WARN_OBJC_IMPLICIT_RETAIN_SELF = YES;
				CLANG_WARN_OBJC_LITERAL_CONVERSION = YES;
				CLANG_WARN_OBJC_ROOT_CLASS = YES_ERROR;
				CLANG_WARN_RANGE_LOOP_ANALYSIS = YES;
				CLANG_WARN_STRICT_PROTOTYPES = YES;
				CLANG_WARN_SUSPICIOUS_MOVE = YES;
				CLANG_WARN_UNGUARDED_AVAILABILITY = YES_AGGRESSIVE;
				CLANG_WARN_UNREACHABLE_CODE = YES;
				CLANG_WARN__DUPLICATE_METHOD_MATCH = YES;
				CODE_SIGN_IDENTITY = "-";
				COPY_PHASE_STRIP = NO;
				DEBUG_INFORMATION_FORMAT = "dwarf-with-dsym";
				ENABLE_NS_ASSERTIONS = NO;
				ENABLE_STRICT_OBJC_MSGSEND = YES;
				GCC_C_LANGUAGE_STANDARD = gnu11;
				GCC_NO_COMMON_BLOCKS = YES;
				GCC_WARN_64_TO_32_BIT_CONVERSION = YES;
				GCC_WARN_ABOUT_RETURN_TYPE = YES_ERROR;
				GCC_WARN_UNDECLARED_SELECTOR = YES;
				GCC_WARN_UNINITIALIZED_AUTOS = YES_AGGRESSIVE;
				GCC_WARN_UNUSED_FUNCTION = YES;
				GCC_WARN_UNUSED_VARIABLE = YES;
				MACOSX_DEPLOYMENT_TARGET = 10.14;
				MTL_ENABLE_DEBUG_INFO = NO;
				MTL_FAST_MATH = YES;
				SDKROOT = macosx;
				SWIFT_COMPILATION_MODE = wholemodule;
				SWIFT_OPTIMIZATION_LEVEL = "-O";
				SWIFT_VERSION = 5.0;
			};
			name = Release;
		};
		8B6FC58D221ECE6A008F7694 /* Debug */ = {
			isa = XCBuildConfiguration;
			buildSettings = {
				CODE_SIGN_STYLE = Automatic;
				FRAMEWORK_SEARCH_PATHS = "$(inherited)";
				GCC_OPTIMIZATION_LEVEL = 0;
				ONLY_ACTIVE_ARCH = YES;
				PRODUCT_NAME = "$(TARGET_NAME)";
				SWIFT_OPTIMIZATION_LEVEL = "-Onone";
				SWIFT_VERSION = 5.0;
			};
			name = Debug;
		};
		8B6FC58E221ECE6A008F7694 /* Release */ = {
			isa = XCBuildConfiguration;
			buildSettings = {
				CODE_SIGN_STYLE = Automatic;
				FRAMEWORK_SEARCH_PATHS = "$(inherited)";
				GCC_OPTIMIZATION_LEVEL = 0;
				ONLY_ACTIVE_ARCH = YES;
				PRODUCT_NAME = "$(TARGET_NAME)";
				SWIFT_OPTIMIZATION_LEVEL = "-Onone";
				SWIFT_VERSION = 5.0;
			};
			name = Release;
		};
		8B6FC643221EFE61008F7694 /* Debug */ = {
			isa = XCBuildConfiguration;
			buildSettings = {
				CLANG_ENABLE_MODULES = YES;
				CODE_SIGN_STYLE = Automatic;
				ENABLE_TESTABILITY = YES;
				EXECUTABLE_PREFIX = lib;
				GCC_OPTIMIZATION_LEVEL = 0;
				LD_RUNPATH_SEARCH_PATHS = (
					"$(inherited)",
					"@executable_path/../Frameworks",
					"@loader_path/../Frameworks",
				);
				PRODUCT_NAME = "$(TARGET_NAME)";
				SKIP_INSTALL = YES;
				SWIFT_OBJC_BRIDGING_HEADER = "";
				SWIFT_OPTIMIZATION_LEVEL = "-Onone";
				SWIFT_VERSION = 5.0;
			};
			name = Debug;
		};
		8B6FC644221EFE61008F7694 /* Release */ = {
			isa = XCBuildConfiguration;
			buildSettings = {
				CLANG_ENABLE_MODULES = YES;
				CODE_SIGN_STYLE = Automatic;
				ENABLE_TESTABILITY = NO;
				EXECUTABLE_PREFIX = lib;
				GCC_OPTIMIZATION_LEVEL = 0;
				LD_RUNPATH_SEARCH_PATHS = (
					"$(inherited)",
					"@executable_path/../Frameworks",
					"@loader_path/../Frameworks",
				);
				PRODUCT_NAME = "$(TARGET_NAME)";
				SKIP_INSTALL = YES;
				SWIFT_OBJC_BRIDGING_HEADER = "";
				SWIFT_OPTIMIZATION_LEVEL = "-Onone";
				SWIFT_VERSION = 5.0;
			};
			name = Release;
		};
/* End XCBuildConfiguration section */

/* Begin XCConfigurationList section */
		8B0CA51A22AE669600181BC0 /* Build configuration list for PBXNativeTarget "Carbon" */ = {
			isa = XCConfigurationList;
			buildConfigurations = (
				8B0CA51B22AE669600181BC0 /* Debug */,
				8B0CA51C22AE669600181BC0 /* Release */,
			);
			defaultConfigurationIsVisible = 0;
			defaultConfigurationName = Release;
		};
		8B424B23224E28FC00AF9010 /* Build configuration list for PBXNativeTarget "Markdown" */ = {
			isa = XCConfigurationList;
			buildConfigurations = (
				8B424B24224E28FC00AF9010 /* Debug */,
				8B424B25224E28FC00AF9010 /* Release */,
			);
			defaultConfigurationIsVisible = 0;
			defaultConfigurationName = Release;
		};
		8B66EBB9221FFF4F0001DCA2 /* Build configuration list for PBXNativeTarget "MarkupTests" */ = {
			isa = XCConfigurationList;
			buildConfigurations = (
				8B66EBBA221FFF4F0001DCA2 /* Debug */,
				8B66EBBB221FFF4F0001DCA2 /* Release */,
			);
			defaultConfigurationIsVisible = 0;
			defaultConfigurationName = Release;
		};
		8B6FC580221ECE6A008F7694 /* Build configuration list for PBXProject "Markdown" */ = {
			isa = XCConfigurationList;
			buildConfigurations = (
				8B6FC58A221ECE6A008F7694 /* Debug */,
				8B6FC58B221ECE6A008F7694 /* Release */,
			);
			defaultConfigurationIsVisible = 0;
			defaultConfigurationName = Release;
		};
		8B6FC58C221ECE6A008F7694 /* Build configuration list for PBXNativeTarget "JekyllMarkdown" */ = {
			isa = XCConfigurationList;
			buildConfigurations = (
				8B6FC58D221ECE6A008F7694 /* Debug */,
				8B6FC58E221ECE6A008F7694 /* Release */,
			);
			defaultConfigurationIsVisible = 0;
			defaultConfigurationName = Release;
		};
		8B6FC642221EFE61008F7694 /* Build configuration list for PBXNativeTarget "Markup" */ = {
			isa = XCConfigurationList;
			buildConfigurations = (
				8B6FC643221EFE61008F7694 /* Debug */,
				8B6FC644221EFE61008F7694 /* Release */,
			);
			defaultConfigurationIsVisible = 0;
			defaultConfigurationName = Release;
		};
/* End XCConfigurationList section */
	};
	rootObject = 8B6FC57D221ECE6A008F7694 /* Project object */;
}
